
Microsoft Visual Studio Solution File, Format Version 12.00
# Visual Studio 14
VisualStudioVersion = 14.0.24720.0
MinimumVisualStudioVersion = 10.0.40219.1
Project("{F088123C-0E9E-452A-89E6-6BA2F21D5CAC}") = "UML", "UML\UML.modelproj", "{962984A3-E148-41F6-8BC0-72312B1B74D4}"
EndProject
Project("{FAE04EC0-301F-11D3-BF4B-00C04F79EFBC}") = "Maquette", "Maquette\Maquette.csproj", "{57E74182-6FB6-4E2F-B265-A687284A3F90}"
EndProject
Global
	GlobalSection(SolutionConfigurationPlatforms) = preSolution
		Debug|Any CPU = Debug|Any CPU
		Release|Any CPU = Release|Any CPU
	EndGlobalSection
	GlobalSection(ProjectConfigurationPlatforms) = postSolution
		{962984A3-E148-41F6-8BC0-72312B1B74D4}.Debug|Any CPU.ActiveCfg = Debug|Any CPU
		{962984A3-E148-41F6-8BC0-72312B1B74D4}.Debug|Any CPU.Build.0 = Debug|Any CPU
		{962984A3-E148-41F6-8BC0-72312B1B74D4}.Release|Any CPU.ActiveCfg = Release|Any CPU
		{962984A3-E148-41F6-8BC0-72312B1B74D4}.Release|Any CPU.Build.0 = Release|Any CPU
		{57E74182-6FB6-4E2F-B265-A687284A3F90}.Debug|Any CPU.ActiveCfg = Debug|Any CPU
		{57E74182-6FB6-4E2F-B265-A687284A3F90}.Debug|Any CPU.Build.0 = Debug|Any CPU
		{57E74182-6FB6-4E2F-B265-A687284A3F90}.Release|Any CPU.ActiveCfg = Release|Any CPU
		{57E74182-6FB6-4E2F-B265-A687284A3F90}.Release|Any CPU.Build.0 = Release|Any CPU
	EndGlobalSection
	GlobalSection(SolutionProperties) = preSolution
		HideSolutionNode = FALSE
	EndGlobalSection
EndGlobal
